// !$*UTF8*$!
{
	archiveVersion = 1;
	classes = {
	};
	objectVersion = 50;
	objects = {

/* Begin PBXBuildFile section */
		FEC02DF5235EB0FC00873A67 /* AppDelegate.swift in Sources */ = {isa = PBXBuildFile; fileRef = FEC02DF4235EB0FC00873A67 /* AppDelegate.swift */; };
		FEC02DF7235EB0FC00873A67 /* SceneDelegate.swift in Sources */ = {isa = PBXBuildFile; fileRef = FEC02DF6235EB0FC00873A67 /* SceneDelegate.swift */; };
		FEC02DF9235EB0FC00873A67 /* ViewController.swift in Sources */ = {isa = PBXBuildFile; fileRef = FEC02DF8235EB0FC00873A67 /* ViewController.swift */; };
		FEC02DFC235EB0FC00873A67 /* Main.storyboard in Resources */ = {isa = PBXBuildFile; fileRef = FEC02DFA235EB0FC00873A67 /* Main.storyboard */; };
		FEC02DFE235EB10700873A67 /* Assets.xcassets in Resources */ = {isa = PBXBuildFile; fileRef = FEC02DFD235EB10700873A67 /* Assets.xcassets */; };
		FEC02E01235EB10700873A67 /* LaunchScreen.storyboard in Resources */ = {isa = PBXBuildFile; fileRef = FEC02DFF235EB10700873A67 /* LaunchScreen.storyboard */; };
/* End PBXBuildFile section */

/* Begin PBXFileReference section */
		FEC02DF1235EB0FC00873A67 /* YoutuberApp.app */ = {isa = PBXFileReference; explicitFileType = wrapper.application; includeInIndex = 0; path = YoutuberApp.app; sourceTree = BUILT_PRODUCTS_DIR; };
		FEC02DF4235EB0FC00873A67 /* AppDelegate.swift */ = {isa = PBXFileReference; lastKnownFileType = sourcecode.swift; path = AppDelegate.swift; sourceTree = "<group>"; };
		FEC02DF6235EB0FC00873A67 /* SceneDelegate.swift */ = {isa = PBXFileReference; lastKnownFileType = sourcecode.swift; path = SceneDelegate.swift; sourceTree = "<group>"; };
		FEC02DF8235EB0FC00873A67 /* ViewController.swift */ = {isa = PBXFileReference; lastKnownFileType = sourcecode.swift; path = ViewController.swift; sourceTree = "<group>"; };
		FEC02DFB235EB0FC00873A67 /* Base */ = {isa = PBXFileReference; lastKnownFileType = file.storyboard; name = Base; path = Base.lproj/Main.storyboard; sourceTree = "<group>"; };
		FEC02DFD235EB10700873A67 /* Assets.xcassets */ = {isa = PBXFileReference; lastKnownFileType = folder.assetcatalog; path = Assets.xcassets; sourceTree = "<group>"; };
		FEC02E00235EB10700873A67 /* Base */ = {isa = PBXFileReference; lastKnownFileType = file.storyboard; name = Base; path = Base.lproj/LaunchScreen.storyboard; sourceTree = "<group>"; };
		FEC02E02235EB10700873A67 /* Info.plist */ = {isa = PBXFileReference; lastKnownFileType = text.plist.xml; path = Info.plist; sourceTree = "<group>"; };
/* End PBXFileReference section */

/* Begin PBXFrameworksBuildPhase section */
		FEC02DEE235EB0FC00873A67 /* Frameworks */ = {
			isa = PBXFrameworksBuildPhase;
			buildActionMask = 2147483647;
			files = (
			);
			runOnlyForDeploymentPostprocessing = 0;
		};
/* End PBXFrameworksBuildPhase section */

/* Begin PBXGroup section */
		FEC02DE8235EB0FC00873A67 = {
			isa = PBXGroup;
			children = (
				FEC02DF3235EB0FC00873A67 /* YoutuberApp */,
				FEC02DF2235EB0FC00873A67 /* Products */,
			);
			sourceTree = "<group>";
		};
		FEC02DF2235EB0FC00873A67 /* Products */ = {
			isa = PBXGroup;
			children = (
				FEC02DF1235EB0FC00873A67 /* YoutuberApp.app */,
			);
			name = Products;
			sourceTree = "<group>";
		};
		FEC02DF3235EB0FC00873A67 /* YoutuberApp */ = {
			isa = PBXGroup;
			children = (
				FEC02DF4235EB0FC00873A67 /* AppDelegate.swift */,
				FEC02DF6235EB0FC00873A67 /* SceneDelegate.swift */,
				FEC02DF8235EB0FC00873A67 /* ViewController.swift */,
				FEC02DFA235EB0FC00873A67 /* Main.storyboard */,
				FEC02DFD235EB10700873A67 /* Assets.xcassets */,
				FEC02DFF235EB10700873A67 /* LaunchScreen.storyboard */,
				FEC02E02235EB10700873A67 /* Info.plist */,
			);
			path = YoutuberApp;
			sourceTree = "<group>";
		};
/* End PBXGroup section */

/* Begin PBXNativeTarget section */
		FEC02DF0235EB0FC00873A67 /* YoutuberApp */ = {
			isa = PBXNativeTarget;
			buildConfigurationList = FEC02E05235EB10700873A67 /* Build configuration list for PBXNativeTarget "YoutuberApp" */;
			buildPhases = (
				FEC02DED235EB0FC00873A67 /* Sources */,
				FEC02DEE235EB0FC00873A67 /* Frameworks */,
				FEC02DEF235EB0FC00873A67 /* Resources */,
			);
			buildRules = (
			);
			dependencies = (
			);
			name = YoutuberApp;
			productName = YoutuberApp;
			productReference = FEC02DF1235EB0FC00873A67 /* YoutuberApp.app */;
			productType = "com.apple.product-type.application";
		};
/* End PBXNativeTarget section */

/* Begin PBXProject section */
		FEC02DE9235EB0FC00873A67 /* Project object */ = {
			isa = PBXProject;
			attributes = {
				LastSwiftUpdateCheck = 1110;
				LastUpgradeCheck = 1110;
				ORGANIZATIONNAME = NagaKe;
				TargetAttributes = {
					FEC02DF0235EB0FC00873A67 = {
						CreatedOnToolsVersion = 11.1;
					};
				};
			};
			buildConfigurationList = FEC02DEC235EB0FC00873A67 /* Build configuration list for PBXProject "YoutuberApp" */;
			compatibilityVersion = "Xcode 9.3";
			developmentRegion = en;
			hasScannedForEncodings = 0;
			knownRegions = (
				en,
				Base,
			);
			mainGroup = FEC02DE8235EB0FC00873A67;
			productRefGroup = FEC02DF2235EB0FC00873A67 /* Products */;
			projectDirPath = "";
			projectRoot = "";
			targets = (
				FEC02DF0235EB0FC00873A67 /* YoutuberApp */,
			);
		};
/* End PBXProject section */

/* Begin PBXResourcesBuildPhase section */
		FEC02DEF235EB0FC00873A67 /* Resources */ = {
			isa = PBXResourcesBuildPhase;
			buildActionMask = 2147483647;
			files = (
				FEC02E01235EB10700873A67 /* LaunchScreen.storyboard in Resources */,
				FEC02DFE235EB10700873A67 /* Assets.xcassets in Resources */,
				FEC02DFC235EB0FC00873A67 /* Main.storyboard in Resources */,
			);
			runOnlyForDeploymentPostprocessing = 0;
		};
/* End PBXResourcesBuildPhase section */

/* Begin PBXSourcesBuildPhase section */
		FEC02DED235EB0FC00873A67 /* Sources */ = {
			isa = PBXSourcesBuildPhase;
			buildActionMask = 2147483647;
			files = (
				FEC02DF9235EB0FC00873A67 /* ViewController.swift in Sources */,
				FEC02DF5235EB0FC00873A67 /* AppDelegate.swift in Sources */,
				FEC02DF7235EB0FC00873A67 /* SceneDelegate.swift in Sources */,
			);
			runOnlyForDeploymentPostprocessing = 0;
		};
/* End PBXSourcesBuildPhase section */

/* Begin PBXVariantGroup section */
		FEC02DFA235EB0FC00873A67 /* Main.storyboard */ = {
			isa = PBXVariantGroup;
			children = (
				FEC02DFB235EB0FC00873A67 /* Base */,
			);
			name = Main.storyboard;
			sourceTree = "<group>";
		};
		FEC02DFF235EB10700873A67 /* LaunchScreen.storyboard */ = {
			isa = PBXVariantGroup;
			children = (
				FEC02E00235EB10700873A67 /* Base */,
			);
			name = LaunchScreen.storyboard;
			sourceTree = "<group>";
		};
/* End PBXVariantGroup section */

/* Begin XCBuildConfiguration section */
		FEC02E03235EB10700873A67 /* Debug */ = {
			isa = XCBuildConfiguration;
			buildSettings = {
				ALWAYS_SEARCH_USER_PATHS = NO;
				CLANG_ANALYZER_NONNULL = YES;
				CLANG_ANALYZER_NUMBER_OBJECT_CONVERSION = YES_AGGRESSIVE;
				CLANG_CXX_LANGUAGE_STANDARD = "gnu++14";
				CLANG_CXX_LIBRARY = "libc++";
				CLANG_ENABLE_MODULES = YES;
				CLANG_ENABLE_OBJC_ARC = YES;
				CLANG_ENABLE_OBJC_WEAK = YES;
				CLANG_WARN_BLOCK_CAPTURE_AUTORELEASING = YES;
				CLANG_WARN_BOOL_CONVERSION = YES;
				CLANG_WARN_COMMA = YES;
				CLANG_WARN_CONSTANT_CONVERSION = YES;
				CLANG_WARN_DEPRECATED_OBJC_IMPLEMENTATIONS = YES;
				CLANG_WARN_DIRECT_OBJC_ISA_USAGE = YES_ERROR;
				CLANG_WARN_DOCUMENTATION_COMMENTS = YES;
				CLANG_WARN_EMPTY_BODY = YES;
				CLANG_WARN_ENUM_CONVERSION = YES;
				CLANG_WARN_INFINITE_RECURSION = YES;
				CLANG_WARN_INT_CONVERSION = YES;
				CLANG_WARN_NON_LITERAL_NULL_CONVERSION = YES;
				CLANG_WARN_OBJC_IMPLICIT_RETAIN_SELF = YES;
				CLANG_WARN_OBJC_LITERAL_CONVERSION = YES;
				CLANG_WARN_OBJC_ROOT_CLASS = YES_ERROR;
				CLANG_WARN_RANGE_LOOP_ANALYSIS = YES;
				CLANG_WARN_STRICT_PROTOTYPES = YES;
				CLANG_WARN_SUSPICIOUS_MOVE = YES;
				CLANG_WARN_UNGUARDED_AVAILABILITY = YES_AGGRESSIVE;
				CLANG_WARN_UNREACHABLE_CODE = YES;
				CLANG_WARN__DUPLICATE_METHOD_MATCH = YES;
				COPY_PHASE_STRIP = NO;
				DEBUG_INFORMATION_FORMAT = dwarf;
				ENABLE_STRICT_OBJC_MSGSEND = YES;
				ENABLE_TESTABILITY = YES;
				GCC_C_LANGUAGE_STANDARD = gnu11;
				GCC_DYNAMIC_NO_PIC = NO;
				GCC_NO_COMMON_BLOCKS = YES;
				GCC_OPTIMIZATION_LEVEL = 0;
				GCC_PREPROCESSOR_DEFINITIONS = (
					"DEBUG=1",
					"$(inherited)",
				);
				GCC_WARN_64_TO_32_BIT_CONVERSION = YES;
				GCC_WARN_ABOUT_RETURN_TYPE = YES_ERROR;
				GCC_WARN_UNDECLARED_SELECTOR = YES;
				GCC_WARN_UNINITIALIZED_AUTOS = YES_AGGRESSIVE;
				GCC_WARN_UNUSED_FUNCTION = YES;
				GCC_WARN_UNUSED_VARIABLE = YES;
				IPHONEOS_DEPLOYMENT_TARGET = 13.1;
				MTL_ENABLE_DEBUG_INFO = INCLUDE_SOURCE;
				MTL_FAST_MATH = YES;
				ONLY_ACTIVE_ARCH = YES;
				SDKROOT = iphoneos;
				SWIFT_ACTIVE_COMPILATION_CONDITIONS = DEBUG;
				SWIFT_OPTIMIZATION_LEVEL = "-Onone";
			};
			name = Debug;
		};
		FEC02E04235EB10700873A67 /* Release */ = {
			isa = XCBuildConfiguration;
			buildSettings = {
				ALWAYS_SEARCH_USER_PATHS = NO;
				CLANG_ANALYZER_NONNULL = YES;
				CLANG_ANALYZER_NUMBER_OBJECT_CONVERSION = YES_AGGRESSIVE;
				CLANG_CXX_LANGUAGE_STANDARD = "gnu++14";
				CLANG_CXX_LIBRARY = "libc++";
				CLANG_ENABLE_MODULES = YES;
				CLANG_ENABLE_OBJC_ARC = YES;
				CLANG_ENABLE_OBJC_WEAK = YES;
				CLANG_WARN_BLOCK_CAPTURE_AUTORELEASING = YES;
				CLANG_WARN_BOOL_CONVERSION = YES;
				CLANG_WARN_COMMA = YES;
				CLANG_WARN_CONSTANT_CONVERSION = YES;
				CLANG_WARN_DEPRECATED_OBJC_IMPLEMENTATIONS = YES;
				CLANG_WARN_DIRECT_OBJC_ISA_USAGE = YES_ERROR;
				CLANG_WARN_DOCUMENTATION_COMMENTS = YES;
				CLANG_WARN_EMPTY_BODY = YES;
				CLANG_WARN_ENUM_CONVERSION = YES;
				CLANG_WARN_INFINITE_RECURSION = YES;
				CLANG_WARN_INT_CONVERSION = YES;
				CLANG_WARN_NON_LITERAL_NULL_CONVERSION = YES;
				CLANG_WARN_OBJC_IMPLICIT_RETAIN_SELF = YES;
				CLANG_WARN_OBJC_LITERAL_CONVERSION = YES;
				CLANG_WARN_OBJC_ROOT_CLASS = YES_ERROR;
				CLANG_WARN_RANGE_LOOP_ANALYSIS = YES;
				CLANG_WARN_STRICT_PROTOTYPES = YES;
				CLANG_WARN_SUSPICIOUS_MOVE = YES;
				CLANG_WARN_UNGUARDED_AVAILABILITY = YES_AGGRESSIVE;
				CLANG_WARN_UNREACHABLE_CODE = YES;
				CLANG_WARN__DUPLICATE_METHOD_MATCH = YES;
				COPY_PHASE_STRIP = NO;
				DEBUG_INFORMATION_FORMAT = "dwarf-with-dsym";
				ENABLE_NS_ASSERTIONS = NO;
				ENABLE_STRICT_OBJC_MSGSEND = YES;
				GCC_C_LANGUAGE_STANDARD = gnu11;
				GCC_NO_COMMON_BLOCKS = YES;
				GCC_WARN_64_TO_32_BIT_CONVERSION = YES;
				GCC_WARN_ABOUT_RETURN_TYPE = YES_ERROR;
				GCC_WARN_UNDECLARED_SELECTOR = YES;
				GCC_WARN_UNINITIALIZED_AUTOS = YES_AGGRESSIVE;
				GCC_WARN_UNUSED_FUNCTION = YES;
				GCC_WARN_UNUSED_VARIABLE = YES;
				IPHONEOS_DEPLOYMENT_TARGET = 13.1;
				MTL_ENABLE_DEBUG_INFO = NO;
				MTL_FAST_MATH = YES;
				SDKROOT = iphoneos;
				SWIFT_COMPILATION_MODE = wholemodule;
				SWIFT_OPTIMIZATION_LEVEL = "-O";
				VALIDATE_PRODUCT = YES;
			};
			name = Release;
		};
		FEC02E06235EB10700873A67 /* Debug */ = {
			isa = XCBuildConfiguration;
			buildSettings = {
				ASSETCATALOG_COMPILER_APPICON_NAME = AppIcon;
				CODE_SIGN_STYLE = Automatic;
				INFOPLIST_FILE = YoutuberApp/Info.plist;
				LD_RUNPATH_SEARCH_PATHS = (
					"$(inherited)",
					"@executable_path/Frameworks",
				);
				PRODUCT_BUNDLE_IDENTIFIER = com.gmail.nagake.YoutuberApp;
				PRODUCT_NAME = "$(TARGET_NAME)";
				SWIFT_VERSION = 5.0;
				TARGETED_DEVICE_FAMILY = "1,2";
			};
			name = Debug;
		};
		FEC02E07235EB10700873A67 /* Release */ = {
			isa = XCBuildConfiguration;
			buildSettings = {
				ASSETCATALOG_COMPILER_APPICON_NAME = AppIcon;
				CODE_SIGN_STYLE = Automatic;
				INFOPLIST_FILE = YoutuberApp/Info.plist;
				LD_RUNPATH_SEARCH_PATHS = (
					"$(inherited)",
					"@executable_path/Frameworks",
				);
				PRODUCT_BUNDLE_IDENTIFIER = com.gmail.nagake.YoutuberApp;
				PRODUCT_NAME = "$(TARGET_NAME)";
				SWIFT_VERSION = 5.0;
				TARGETED_DEVICE_FAMILY = "1,2";
			};
			name = Release;
		};
/* End XCBuildConfiguration section */

/* Begin XCConfigurationList section */
		FEC02DEC235EB0FC00873A67 /* Build configuration list for PBXProject "YoutuberApp" */ = {
			isa = XCConfigurationList;
			buildConfigurations = (
				FEC02E03235EB10700873A67 /* Debug */,
				FEC02E04235EB10700873A67 /* Release */,
			);
			defaultConfigurationIsVisible = 0;
			defaultConfigurationName = Release;
		};
		FEC02E05235EB10700873A67 /* Build configuration list for PBXNativeTarget "YoutuberApp" */ = {
			isa = XCConfigurationList;
			buildConfigurations = (
				FEC02E06235EB10700873A67 /* Debug */,
				FEC02E07235EB10700873A67 /* Release */,
			);
			defaultConfigurationIsVisible = 0;
			defaultConfigurationName = Release;
		};
/* End XCConfigurationList section */
	};
	rootObject = FEC02DE9235EB0FC00873A67 /* Project object */;
}
